// !$*UTF8*$!
{
	archiveVersion = 1;
	classes = {
	};
	objectVersion = 50;
	objects = {

/* Begin PBXBuildFile section */
		ACD3318926719FAE007B3744 /* AppDelegate.m in Sources */ = {isa = PBXBuildFile; fileRef = ACD3318826719FAE007B3744 /* AppDelegate.m */; };
		ACD3318C26719FAE007B3744 /* SceneDelegate.m in Sources */ = {isa = PBXBuildFile; fileRef = ACD3318B26719FAE007B3744 /* SceneDelegate.m */; };
		ACD3318F26719FAE007B3744 /* ViewController.m in Sources */ = {isa = PBXBuildFile; fileRef = ACD3318E26719FAE007B3744 /* ViewController.m */; };
		ACD3319226719FAE007B3744 /* Main.storyboard in Resources */ = {isa = PBXBuildFile; fileRef = ACD3319026719FAE007B3744 /* Main.storyboard */; };
		ACD3319426719FB0007B3744 /* Assets.xcassets in Resources */ = {isa = PBXBuildFile; fileRef = ACD3319326719FB0007B3744 /* Assets.xcassets */; };
		ACD3319726719FB0007B3744 /* LaunchScreen.storyboard in Resources */ = {isa = PBXBuildFile; fileRef = ACD3319526719FB0007B3744 /* LaunchScreen.storyboard */; };
		ACD3319A26719FB0007B3744 /* main.m in Sources */ = {isa = PBXBuildFile; fileRef = ACD3319926719FB0007B3744 /* main.m */; };
		ACD331A426719FB0007B3744 /* DemoTests.m in Sources */ = {isa = PBXBuildFile; fileRef = ACD331A326719FB0007B3744 /* DemoTests.m */; };
		ACD331AF26719FB0007B3744 /* DemoUITests.m in Sources */ = {isa = PBXBuildFile; fileRef = ACD331AE26719FB0007B3744 /* DemoUITests.m */; };
		ACD331BF2671A194007B3744 /* MHAudioBufferPlayer.m in Sources */ = {isa = PBXBuildFile; fileRef = ACD331BD2671A194007B3744 /* MHAudioBufferPlayer.m */; };
		ACD331C42671A1BA007B3744 /* Synth.m in Sources */ = {isa = PBXBuildFile; fileRef = ACD331C02671A1BA007B3744 /* Synth.m */; };
		ACD331C52671A1BA007B3744 /* DemoViewController.m in Sources */ = {isa = PBXBuildFile; fileRef = ACD331C22671A1BA007B3744 /* DemoViewController.m */; };
/* End PBXBuildFile section */

/* Begin PBXContainerItemProxy section */
		ACD331A026719FB0007B3744 /* PBXContainerItemProxy */ = {
			isa = PBXContainerItemProxy;
			containerPortal = ACD3317C26719FAE007B3744 /* Project object */;
			proxyType = 1;
			remoteGlobalIDString = ACD3318326719FAE007B3744;
			remoteInfo = Demo;
		};
		ACD331AB26719FB0007B3744 /* PBXContainerItemProxy */ = {
			isa = PBXContainerItemProxy;
			containerPortal = ACD3317C26719FAE007B3744 /* Project object */;
			proxyType = 1;
			remoteGlobalIDString = ACD3318326719FAE007B3744;
			remoteInfo = Demo;
		};
/* End PBXContainerItemProxy section */

/* Begin PBXFileReference section */
		ACD3318426719FAE007B3744 /* Demo.app */ = {isa = PBXFileReference; explicitFileType = wrapper.application; includeInIndex = 0; path = Demo.app; sourceTree = BUILT_PRODUCTS_DIR; };
		ACD3318726719FAE007B3744 /* AppDelegate.h */ = {isa = PBXFileReference; lastKnownFileType = sourcecode.c.h; path = AppDelegate.h; sourceTree = "<group>"; };
		ACD3318826719FAE007B3744 /* AppDelegate.m */ = {isa = PBXFileReference; lastKnownFileType = sourcecode.c.objc; path = AppDelegate.m; sourceTree = "<group>"; };
		ACD3318A26719FAE007B3744 /* SceneDelegate.h */ = {isa = PBXFileReference; lastKnownFileType = sourcecode.c.h; path = SceneDelegate.h; sourceTree = "<group>"; };
		ACD3318B26719FAE007B3744 /* SceneDelegate.m */ = {isa = PBXFileReference; lastKnownFileType = sourcecode.c.objc; path = SceneDelegate.m; sourceTree = "<group>"; };
		ACD3318D26719FAE007B3744 /* ViewController.h */ = {isa = PBXFileReference; lastKnownFileType = sourcecode.c.h; path = ViewController.h; sourceTree = "<group>"; };
		ACD3318E26719FAE007B3744 /* ViewController.m */ = {isa = PBXFileReference; lastKnownFileType = sourcecode.c.objc; path = ViewController.m; sourceTree = "<group>"; };
		ACD3319126719FAE007B3744 /* Base */ = {isa = PBXFileReference; lastKnownFileType = file.storyboard; name = Base; path = Base.lproj/Main.storyboard; sourceTree = "<group>"; };
		ACD3319326719FB0007B3744 /* Assets.xcassets */ = {isa = PBXFileReference; lastKnownFileType = folder.assetcatalog; path = Assets.xcassets; sourceTree = "<group>"; };
		ACD3319626719FB0007B3744 /* Base */ = {isa = PBXFileReference; lastKnownFileType = file.storyboard; name = Base; path = Base.lproj/LaunchScreen.storyboard; sourceTree = "<group>"; };
		ACD3319826719FB0007B3744 /* Info.plist */ = {isa = PBXFileReference; lastKnownFileType = text.plist.xml; path = Info.plist; sourceTree = "<group>"; };
		ACD3319926719FB0007B3744 /* main.m */ = {isa = PBXFileReference; lastKnownFileType = sourcecode.c.objc; path = main.m; sourceTree = "<group>"; };
		ACD3319F26719FB0007B3744 /* DemoTests.xctest */ = {isa = PBXFileReference; explicitFileType = wrapper.cfbundle; includeInIndex = 0; path = DemoTests.xctest; sourceTree = BUILT_PRODUCTS_DIR; };
		ACD331A326719FB0007B3744 /* DemoTests.m */ = {isa = PBXFileReference; lastKnownFileType = sourcecode.c.objc; path = DemoTests.m; sourceTree = "<group>"; };
		ACD331A526719FB0007B3744 /* Info.plist */ = {isa = PBXFileReference; lastKnownFileType = text.plist.xml; path = Info.plist; sourceTree = "<group>"; };
		ACD331AA26719FB0007B3744 /* DemoUITests.xctest */ = {isa = PBXFileReference; explicitFileType = wrapper.cfbundle; includeInIndex = 0; path = DemoUITests.xctest; sourceTree = BUILT_PRODUCTS_DIR; };
		ACD331AE26719FB0007B3744 /* DemoUITests.m */ = {isa = PBXFileReference; lastKnownFileType = sourcecode.c.objc; path = DemoUITests.m; sourceTree = "<group>"; };
		ACD331B026719FB0007B3744 /* Info.plist */ = {isa = PBXFileReference; lastKnownFileType = text.plist.xml; path = Info.plist; sourceTree = "<group>"; };
		ACD331BD2671A194007B3744 /* MHAudioBufferPlayer.m */ = {isa = PBXFileReference; fileEncoding = 4; lastKnownFileType = sourcecode.c.objc; path = MHAudioBufferPlayer.m; sourceTree = "<group>"; };
		ACD331BE2671A194007B3744 /* MHAudioBufferPlayer.h */ = {isa = PBXFileReference; fileEncoding = 4; lastKnownFileType = sourcecode.c.h; path = MHAudioBufferPlayer.h; sourceTree = "<group>"; };
		ACD331C02671A1BA007B3744 /* Synth.m */ = {isa = PBXFileReference; fileEncoding = 4; lastKnownFileType = sourcecode.c.objc; path = Synth.m; sourceTree = "<group>"; };
		ACD331C12671A1BA007B3744 /* DemoViewController.h */ = {isa = PBXFileReference; fileEncoding = 4; lastKnownFileType = sourcecode.c.h; path = DemoViewController.h; sourceTree = "<group>"; };
		ACD331C22671A1BA007B3744 /* DemoViewController.m */ = {isa = PBXFileReference; fileEncoding = 4; lastKnownFileType = sourcecode.c.objc; path = DemoViewController.m; sourceTree = "<group>"; };
		ACD331C32671A1BA007B3744 /* Synth.h */ = {isa = PBXFileReference; fileEncoding = 4; lastKnownFileType = sourcecode.c.h; path = Synth.h; sourceTree = "<group>"; };
/* End PBXFileReference section */

/* Begin PBXFrameworksBuildPhase section */
		ACD3318126719FAE007B3744 /* Frameworks */ = {
			isa = PBXFrameworksBuildPhase;
			buildActionMask = 2147483647;
			files = (
			);
			runOnlyForDeploymentPostprocessing = 0;
		};
		ACD3319C26719FB0007B3744 /* Frameworks */ = {
			isa = PBXFrameworksBuildPhase;
			buildActionMask = 2147483647;
			files = (
			);
			runOnlyForDeploymentPostprocessing = 0;
		};
		ACD331A726719FB0007B3744 /* Frameworks */ = {
			isa = PBXFrameworksBuildPhase;
			buildActionMask = 2147483647;
			files = (
			);
			runOnlyForDeploymentPostprocessing = 0;
		};
/* End PBXFrameworksBuildPhase section */

/* Begin PBXGroup section */
		ACD3317B26719FAE007B3744 = {
			isa = PBXGroup;
			children = (
				ACD331BC2671A194007B3744 /* MHAudioBufferPlayer */,
				ACD3318626719FAE007B3744 /* Demo */,
				ACD331A226719FB0007B3744 /* DemoTests */,
				ACD331AD26719FB0007B3744 /* DemoUITests */,
				ACD3318526719FAE007B3744 /* Products */,
			);
			sourceTree = "<group>";
		};
		ACD3318526719FAE007B3744 /* Products */ = {
			isa = PBXGroup;
			children = (
				ACD3318426719FAE007B3744 /* Demo.app */,
				ACD3319F26719FB0007B3744 /* DemoTests.xctest */,
				ACD331AA26719FB0007B3744 /* DemoUITests.xctest */,
			);
			name = Products;
			sourceTree = "<group>";
		};
		ACD3318626719FAE007B3744 /* Demo */ = {
			isa = PBXGroup;
			children = (
				ACD3318726719FAE007B3744 /* AppDelegate.h */,
				ACD3318826719FAE007B3744 /* AppDelegate.m */,
				ACD3318A26719FAE007B3744 /* SceneDelegate.h */,
				ACD3318B26719FAE007B3744 /* SceneDelegate.m */,
				ACD3318D26719FAE007B3744 /* ViewController.h */,
				ACD3318E26719FAE007B3744 /* ViewController.m */,
				ACD331C12671A1BA007B3744 /* DemoViewController.h */,
				ACD331C22671A1BA007B3744 /* DemoViewController.m */,
				ACD331C32671A1BA007B3744 /* Synth.h */,
				ACD331C02671A1BA007B3744 /* Synth.m */,
				ACD3319026719FAE007B3744 /* Main.storyboard */,
				ACD3319326719FB0007B3744 /* Assets.xcassets */,
				ACD3319526719FB0007B3744 /* LaunchScreen.storyboard */,
				ACD3319826719FB0007B3744 /* Info.plist */,
				ACD3319926719FB0007B3744 /* main.m */,
			);
			path = Demo;
			sourceTree = "<group>";
		};
		ACD331A226719FB0007B3744 /* DemoTests */ = {
			isa = PBXGroup;
			children = (
				ACD331A326719FB0007B3744 /* DemoTests.m */,
				ACD331A526719FB0007B3744 /* Info.plist */,
			);
			path = DemoTests;
			sourceTree = "<group>";
		};
		ACD331AD26719FB0007B3744 /* DemoUITests */ = {
			isa = PBXGroup;
			children = (
				ACD331AE26719FB0007B3744 /* DemoUITests.m */,
				ACD331B026719FB0007B3744 /* Info.plist */,
			);
			path = DemoUITests;
			sourceTree = "<group>";
		};
		ACD331BC2671A194007B3744 /* MHAudioBufferPlayer */ = {
			isa = PBXGroup;
			children = (
				ACD331BE2671A194007B3744 /* MHAudioBufferPlayer.h */,
				ACD331BD2671A194007B3744 /* MHAudioBufferPlayer.m */,
			);
			path = MHAudioBufferPlayer;
			sourceTree = "<group>";
		};
/* End PBXGroup section */

/* Begin PBXNativeTarget section */
		ACD3318326719FAE007B3744 /* Demo */ = {
			isa = PBXNativeTarget;
			buildConfigurationList = ACD331B326719FB0007B3744 /* Build configuration list for PBXNativeTarget "Demo" */;
			buildPhases = (
				ACD3318026719FAE007B3744 /* Sources */,
				ACD3318126719FAE007B3744 /* Frameworks */,
				ACD3318226719FAE007B3744 /* Resources */,
			);
			buildRules = (
			);
			dependencies = (
			);
			name = Demo;
			productName = Demo;
			productReference = ACD3318426719FAE007B3744 /* Demo.app */;
			productType = "com.apple.product-type.application";
		};
		ACD3319E26719FB0007B3744 /* DemoTests */ = {
			isa = PBXNativeTarget;
			buildConfigurationList = ACD331B626719FB0007B3744 /* Build configuration list for PBXNativeTarget "DemoTests" */;
			buildPhases = (
				ACD3319B26719FB0007B3744 /* Sources */,
				ACD3319C26719FB0007B3744 /* Frameworks */,
				ACD3319D26719FB0007B3744 /* Resources */,
			);
			buildRules = (
			);
			dependencies = (
				ACD331A126719FB0007B3744 /* PBXTargetDependency */,
			);
			name = DemoTests;
			productName = DemoTests;
			productReference = ACD3319F26719FB0007B3744 /* DemoTests.xctest */;
			productType = "com.apple.product-type.bundle.unit-test";
		};
		ACD331A926719FB0007B3744 /* DemoUITests */ = {
			isa = PBXNativeTarget;
			buildConfigurationList = ACD331B926719FB0007B3744 /* Build configuration list for PBXNativeTarget "DemoUITests" */;
			buildPhases = (
				ACD331A626719FB0007B3744 /* Sources */,
				ACD331A726719FB0007B3744 /* Frameworks */,
				ACD331A826719FB0007B3744 /* Resources */,
			);
			buildRules = (
			);
			dependencies = (
				ACD331AC26719FB0007B3744 /* PBXTargetDependency */,
			);
			name = DemoUITests;
			productName = DemoUITests;
			productReference = ACD331AA26719FB0007B3744 /* DemoUITests.xctest */;
			productType = "com.apple.product-type.bundle.ui-testing";
		};
/* End PBXNativeTarget section */

/* Begin PBXProject section */
		ACD3317C26719FAE007B3744 /* Project object */ = {
			isa = PBXProject;
			attributes = {
				LastUpgradeCheck = 1250;
				TargetAttributes = {
					ACD3318326719FAE007B3744 = {
						CreatedOnToolsVersion = 12.5;
					};
					ACD3319E26719FB0007B3744 = {
						CreatedOnToolsVersion = 12.5;
						TestTargetID = ACD3318326719FAE007B3744;
					};
					ACD331A926719FB0007B3744 = {
						CreatedOnToolsVersion = 12.5;
						TestTargetID = ACD3318326719FAE007B3744;
					};
				};
			};
			buildConfigurationList = ACD3317F26719FAE007B3744 /* Build configuration list for PBXProject "Demo" */;
			compatibilityVersion = "Xcode 9.3";
			developmentRegion = en;
			hasScannedForEncodings = 0;
			knownRegions = (
				en,
				Base,
			);
			mainGroup = ACD3317B26719FAE007B3744;
			productRefGroup = ACD3318526719FAE007B3744 /* Products */;
			projectDirPath = "";
			projectRoot = "";
			targets = (
				ACD3318326719FAE007B3744 /* Demo */,
				ACD3319E26719FB0007B3744 /* DemoTests */,
				ACD331A926719FB0007B3744 /* DemoUITests */,
			);
		};
/* End PBXProject section */

/* Begin PBXResourcesBuildPhase section */
		ACD3318226719FAE007B3744 /* Resources */ = {
			isa = PBXResourcesBuildPhase;
			buildActionMask = 2147483647;
			files = (
				ACD3319726719FB0007B3744 /* LaunchScreen.storyboard in Resources */,
				ACD3319426719FB0007B3744 /* Assets.xcassets in Resources */,
				ACD3319226719FAE007B3744 /* Main.storyboard in Resources */,
			);
			runOnlyForDeploymentPostprocessing = 0;
		};
		ACD3319D26719FB0007B3744 /* Resources */ = {
			isa = PBXResourcesBuildPhase;
			buildActionMask = 2147483647;
			files = (
			);
			runOnlyForDeploymentPostprocessing = 0;
		};
		ACD331A826719FB0007B3744 /* Resources */ = {
			isa = PBXResourcesBuildPhase;
			buildActionMask = 2147483647;
			files = (
			);
			runOnlyForDeploymentPostprocessing = 0;
		};
/* End PBXResourcesBuildPhase section */

/* Begin PBXSourcesBuildPhase section */
		ACD3318026719FAE007B3744 /* Sources */ = {
			isa = PBXSourcesBuildPhase;
			buildActionMask = 2147483647;
			files = (
				ACD331C42671A1BA007B3744 /* Synth.m in Sources */,
				ACD3318F26719FAE007B3744 /* ViewController.m in Sources */,
				ACD3318926719FAE007B3744 /* AppDelegate.m in Sources */,
				ACD331BF2671A194007B3744 /* MHAudioBufferPlayer.m in Sources */,
				ACD3319A26719FB0007B3744 /* main.m in Sources */,
				ACD331C52671A1BA007B3744 /* DemoViewController.m in Sources */,
				ACD3318C26719FAE007B3744 /* SceneDelegate.m in Sources */,
			);
			runOnlyForDeploymentPostprocessing = 0;
		};
		ACD3319B26719FB0007B3744 /* Sources */ = {
			isa = PBXSourcesBuildPhase;
			buildActionMask = 2147483647;
			files = (
				ACD331A426719FB0007B3744 /* DemoTests.m in Sources */,
			);
			runOnlyForDeploymentPostprocessing = 0;
		};
		ACD331A626719FB0007B3744 /* Sources */ = {
			isa = PBXSourcesBuildPhase;
			buildActionMask = 2147483647;
			files = (
				ACD331AF26719FB0007B3744 /* DemoUITests.m in Sources */,
			);
			runOnlyForDeploymentPostprocessing = 0;
		};
/* End PBXSourcesBuildPhase section */

/* Begin PBXTargetDependency section */
		ACD331A126719FB0007B3744 /* PBXTargetDependency */ = {
			isa = PBXTargetDependency;
			target = ACD3318326719FAE007B3744 /* Demo */;
			targetProxy = ACD331A026719FB0007B3744 /* PBXContainerItemProxy */;
		};
		ACD331AC26719FB0007B3744 /* PBXTargetDependency */ = {
			isa = PBXTargetDependency;
			target = ACD3318326719FAE007B3744 /* Demo */;
			targetProxy = ACD331AB26719FB0007B3744 /* PBXContainerItemProxy */;
		};
/* End PBXTargetDependency section */

/* Begin PBXVariantGroup section */
		ACD3319026719FAE007B3744 /* Main.storyboard */ = {
			isa = PBXVariantGroup;
			children = (
				ACD3319126719FAE007B3744 /* Base */,
			);
			name = Main.storyboard;
			sourceTree = "<group>";
		};
		ACD3319526719FB0007B3744 /* LaunchScreen.storyboard */ = {
			isa = PBXVariantGroup;
			children = (
				ACD3319626719FB0007B3744 /* Base */,
			);
			name = LaunchScreen.storyboard;
			sourceTree = "<group>";
		};
/* End PBXVariantGroup section */

/* Begin XCBuildConfiguration section */
		ACD331B126719FB0007B3744 /* Debug */ = {
			isa = XCBuildConfiguration;
			buildSettings = {
				ALWAYS_SEARCH_USER_PATHS = NO;
				CLANG_ANALYZER_NONNULL = YES;
				CLANG_ANALYZER_NUMBER_OBJECT_CONVERSION = YES_AGGRESSIVE;
				CLANG_CXX_LANGUAGE_STANDARD = "gnu++14";
				CLANG_CXX_LIBRARY = "libc++";
				CLANG_ENABLE_MODULES = YES;
				CLANG_ENABLE_OBJC_ARC = YES;
				CLANG_ENABLE_OBJC_WEAK = YES;
				CLANG_WARN_BLOCK_CAPTURE_AUTORELEASING = YES;
				CLANG_WARN_BOOL_CONVERSION = YES;
				CLANG_WARN_COMMA = YES;
				CLANG_WARN_CONSTANT_CONVERSION = YES;
				CLANG_WARN_DEPRECATED_OBJC_IMPLEMENTATIONS = YES;
				CLANG_WARN_DIRECT_OBJC_ISA_USAGE = YES_ERROR;
				CLANG_WARN_DOCUMENTATION_COMMENTS = YES;
				CLANG_WARN_EMPTY_BODY = YES;
				CLANG_WARN_ENUM_CONVERSION = YES;
				CLANG_WARN_INFINITE_RECURSION = YES;
				CLANG_WARN_INT_CONVERSION = YES;
				CLANG_WARN_NON_LITERAL_NULL_CONVERSION = YES;
				CLANG_WARN_OBJC_IMPLICIT_RETAIN_SELF = YES;
				CLANG_WARN_OBJC_LITERAL_CONVERSION = YES;
				CLANG_WARN_OBJC_ROOT_CLASS = YES_ERROR;
				CLANG_WARN_QUOTED_INCLUDE_IN_FRAMEWORK_HEADER = YES;
				CLANG_WARN_RANGE_LOOP_ANALYSIS = YES;
				CLANG_WARN_STRICT_PROTOTYPES = YES;
				CLANG_WARN_SUSPICIOUS_MOVE = YES;
				CLANG_WARN_UNGUARDED_AVAILABILITY = YES_AGGRESSIVE;
				CLANG_WARN_UNREACHABLE_CODE = YES;
				CLANG_WARN__DUPLICATE_METHOD_MATCH = YES;
				COPY_PHASE_STRIP = NO;
				DEBUG_INFORMATION_FORMAT = dwarf;
				ENABLE_STRICT_OBJC_MSGSEND = YES;
				ENABLE_TESTABILITY = YES;
				GCC_C_LANGUAGE_STANDARD = gnu11;
				GCC_DYNAMIC_NO_PIC = NO;
				GCC_NO_COMMON_BLOCKS = YES;
				GCC_OPTIMIZATION_LEVEL = 0;
				GCC_PREPROCESSOR_DEFINITIONS = (
					"DEBUG=1",
					"$(inherited)",
				);
				GCC_WARN_64_TO_32_BIT_CONVERSION = YES;
				GCC_WARN_ABOUT_RETURN_TYPE = YES_ERROR;
				GCC_WARN_UNDECLARED_SELECTOR = YES;
				GCC_WARN_UNINITIALIZED_AUTOS = YES_AGGRESSIVE;
				GCC_WARN_UNUSED_FUNCTION = YES;
				GCC_WARN_UNUSED_VARIABLE = YES;
				IPHONEOS_DEPLOYMENT_TARGET = 14.5;
				MTL_ENABLE_DEBUG_INFO = INCLUDE_SOURCE;
				MTL_FAST_MATH = YES;
				ONLY_ACTIVE_ARCH = YES;
				SDKROOT = iphoneos;
			};
			name = Debug;
		};
		ACD331B226719FB0007B3744 /* Release */ = {
			isa = XCBuildConfiguration;
			buildSettings = {
				ALWAYS_SEARCH_USER_PATHS = NO;
				CLANG_ANALYZER_NONNULL = YES;
				CLANG_ANALYZER_NUMBER_OBJECT_CONVERSION = YES_AGGRESSIVE;
				CLANG_CXX_LANGUAGE_STANDARD = "gnu++14";
				CLANG_CXX_LIBRARY = "libc++";
				CLANG_ENABLE_MODULES = YES;
				CLANG_ENABLE_OBJC_ARC = YES;
				CLANG_ENABLE_OBJC_WEAK = YES;
				CLANG_WARN_BLOCK_CAPTURE_AUTORELEASING = YES;
				CLANG_WARN_BOOL_CONVERSION = YES;
				CLANG_WARN_COMMA = YES;
				CLANG_WARN_CONSTANT_CONVERSION = YES;
				CLANG_WARN_DEPRECATED_OBJC_IMPLEMENTATIONS = YES;
				CLANG_WARN_DIRECT_OBJC_ISA_USAGE = YES_ERROR;
				CLANG_WARN_DOCUMENTATION_COMMENTS = YES;
				CLANG_WARN_EMPTY_BODY = YES;
				CLANG_WARN_ENUM_CONVERSION = YES;
				CLANG_WARN_INFINITE_RECURSION = YES;
				CLANG_WARN_INT_CONVERSION = YES;
				CLANG_WARN_NON_LITERAL_NULL_CONVERSION = YES;
				CLANG_WARN_OBJC_IMPLICIT_RETAIN_SELF = YES;
				CLANG_WARN_OBJC_LITERAL_CONVERSION = YES;
				CLANG_WARN_OBJC_ROOT_CLASS = YES_ERROR;
				CLANG_WARN_QUOTED_INCLUDE_IN_FRAMEWORK_HEADER = YES;
				CLANG_WARN_RANGE_LOOP_ANALYSIS = YES;
				CLANG_WARN_STRICT_PROTOTYPES = YES;
				CLANG_WARN_SUSPICIOUS_MOVE = YES;
				CLANG_WARN_UNGUARDED_AVAILABILITY = YES_AGGRESSIVE;
				CLANG_WARN_UNREACHABLE_CODE = YES;
				CLANG_WARN__DUPLICATE_METHOD_MATCH = YES;
				COPY_PHASE_STRIP = NO;
				DEBUG_INFORMATION_FORMAT = "dwarf-with-dsym";
				ENABLE_NS_ASSERTIONS = NO;
				ENABLE_STRICT_OBJC_MSGSEND = YES;
				GCC_C_LANGUAGE_STANDARD = gnu11;
				GCC_NO_COMMON_BLOCKS = YES;
				GCC_WARN_64_TO_32_BIT_CONVERSION = YES;
				GCC_WARN_ABOUT_RETURN_TYPE = YES_ERROR;
				GCC_WARN_UNDECLARED_SELECTOR = YES;
				GCC_WARN_UNINITIALIZED_AUTOS = YES_AGGRESSIVE;
				GCC_WARN_UNUSED_FUNCTION = YES;
				GCC_WARN_UNUSED_VARIABLE = YES;
				IPHONEOS_DEPLOYMENT_TARGET = 14.5;
				MTL_ENABLE_DEBUG_INFO = NO;
				MTL_FAST_MATH = YES;
				SDKROOT = iphoneos;
				VALIDATE_PRODUCT = YES;
			};
			name = Release;
		};
		ACD331B426719FB0007B3744 /* Debug */ = {
			isa = XCBuildConfiguration;
			buildSettings = {
				ASSETCATALOG_COMPILER_APPICON_NAME = AppIcon;
				ASSETCATALOG_COMPILER_GLOBAL_ACCENT_COLOR_NAME = AccentColor;
				CODE_SIGN_STYLE = Automatic;
				DEVELOPMENT_TEAM = M2KR5TEJPW;
				INFOPLIST_FILE = Demo/Info.plist;
				LD_RUNPATH_SEARCH_PATHS = (
					"$(inherited)",
					"@executable_path/Frameworks",
				);
				PRODUCT_BUNDLE_IDENTIFIER = com.mariodiana.Demo;
				PRODUCT_NAME = "$(TARGET_NAME)";
				TARGETED_DEVICE_FAMILY = "1,2";
			};
			name = Debug;
		};
		ACD331B526719FB0007B3744 /* Release */ = {
			isa = XCBuildConfiguration;
			buildSettings = {
				ASSETCATALOG_COMPILER_APPICON_NAME = AppIcon;
				ASSETCATALOG_COMPILER_GLOBAL_ACCENT_COLOR_NAME = AccentColor;
				CODE_SIGN_STYLE = Automatic;
				DEVELOPMENT_TEAM = M2KR5TEJPW;
				INFOPLIST_FILE = Demo/Info.plist;
				LD_RUNPATH_SEARCH_PATHS = (
					"$(inherited)",
					"@executable_path/Frameworks",
				);
				PRODUCT_BUNDLE_IDENTIFIER = com.mariodiana.Demo;
				PRODUCT_NAME = "$(TARGET_NAME)";
				TARGETED_DEVICE_FAMILY = "1,2";
			};
			name = Release;
		};
		ACD331B726719FB0007B3744 /* Debug */ = {
			isa = XCBuildConfiguration;
			buildSettings = {
				BUNDLE_LOADER = "$(TEST_HOST)";
				CODE_SIGN_STYLE = Automatic;
				DEVELOPMENT_TEAM = M2KR5TEJPW;
				INFOPLIST_FILE = DemoTests/Info.plist;
				IPHONEOS_DEPLOYMENT_TARGET = 14.5;
				LD_RUNPATH_SEARCH_PATHS = (
					"$(inherited)",
					"@executable_path/Frameworks",
					"@loader_path/Frameworks",
				);
				PRODUCT_BUNDLE_IDENTIFIER = com.mariodiana.DemoTests;
				PRODUCT_NAME = "$(TARGET_NAME)";
				TARGETED_DEVICE_FAMILY = "1,2";
				TEST_HOST = "$(BUILT_PRODUCTS_DIR)/Demo.app/Demo";
			};
			name = Debug;
		};
		ACD331B826719FB0007B3744 /* Release */ = {
			isa = XCBuildConfiguration;
			buildSettings = {
				BUNDLE_LOADER = "$(TEST_HOST)";
				CODE_SIGN_STYLE = Automatic;
				DEVELOPMENT_TEAM = M2KR5TEJPW;
				INFOPLIST_FILE = DemoTests/Info.plist;
				IPHONEOS_DEPLOYMENT_TARGET = 14.5;
				LD_RUNPATH_SEARCH_PATHS = (
					"$(inherited)",
					"@executable_path/Frameworks",
					"@loader_path/Frameworks",
				);
				PRODUCT_BUNDLE_IDENTIFIER = com.mariodiana.DemoTests;
				PRODUCT_NAME = "$(TARGET_NAME)";
				TARGETED_DEVICE_FAMILY = "1,2";
				TEST_HOST = "$(BUILT_PRODUCTS_DIR)/Demo.app/Demo";
			};
			name = Release;
		};
		ACD331BA26719FB0007B3744 /* Debug */ = {
			isa = XCBuildConfiguration;
			buildSettings = {
				CODE_SIGN_STYLE = Automatic;
				DEVELOPMENT_TEAM = M2KR5TEJPW;
				INFOPLIST_FILE = DemoUITests/Info.plist;
				LD_RUNPATH_SEARCH_PATHS = (
					"$(inherited)",
					"@executable_path/Frameworks",
					"@loader_path/Frameworks",
				);
				PRODUCT_BUNDLE_IDENTIFIER = com.mariodiana.DemoUITests;
				PRODUCT_NAME = "$(TARGET_NAME)";
				TARGETED_DEVICE_FAMILY = "1,2";
				TEST_TARGET_NAME = Demo;
			};
			name = Debug;
		};
		ACD331BB26719FB0007B3744 /* Release */ = {
			isa = XCBuildConfiguration;
			buildSettings = {
				CODE_SIGN_STYLE = Automatic;
				DEVELOPMENT_TEAM = M2KR5TEJPW;
				INFOPLIST_FILE = DemoUITests/Info.plist;
				LD_RUNPATH_SEARCH_PATHS = (
					"$(inherited)",
					"@executable_path/Frameworks",
					"@loader_path/Frameworks",
				);
				PRODUCT_BUNDLE_IDENTIFIER = com.mariodiana.DemoUITests;
				PRODUCT_NAME = "$(TARGET_NAME)";
				TARGETED_DEVICE_FAMILY = "1,2";
				TEST_TARGET_NAME = Demo;
			};
			name = Release;
		};
/* End XCBuildConfiguration section */

/* Begin XCConfigurationList section */
		ACD3317F26719FAE007B3744 /* Build configuration list for PBXProject "Demo" */ = {
			isa = XCConfigurationList;
			buildConfigurations = (
				ACD331B126719FB0007B3744 /* Debug */,
				ACD331B226719FB0007B3744 /* Release */,
			);
			defaultConfigurationIsVisible = 0;
			defaultConfigurationName = Release;
		};
		ACD331B326719FB0007B3744 /* Build configuration list for PBXNativeTarget "Demo" */ = {
			isa = XCConfigurationList;
			buildConfigurations = (
				ACD331B426719FB0007B3744 /* Debug */,
				ACD331B526719FB0007B3744 /* Release */,
			);
			defaultConfigurationIsVisible = 0;
			defaultConfigurationName = Release;
		};
		ACD331B626719FB0007B3744 /* Build configuration list for PBXNativeTarget "DemoTests" */ = {
			isa = XCConfigurationList;
			buildConfigurations = (
				ACD331B726719FB0007B3744 /* Debug */,
				ACD331B826719FB0007B3744 /* Release */,
			);
			defaultConfigurationIsVisible = 0;
			defaultConfigurationName = Release;
		};
		ACD331B926719FB0007B3744 /* Build configuration list for PBXNativeTarget "DemoUITests" */ = {
			isa = XCConfigurationList;
			buildConfigurations = (
				ACD331BA26719FB0007B3744 /* Debug */,
				ACD331BB26719FB0007B3744 /* Release */,
			);
			defaultConfigurationIsVisible = 0;
			defaultConfigurationName = Release;
		};
/* End XCConfigurationList section */
	};
	rootObject = ACD3317C26719FAE007B3744 /* Project object */;
}
